
Microsoft Visual Studio Solution File, Format Version 12.00
# Visual Studio Version 16
VisualStudioVersion = 16.0.28917.181
MinimumVisualStudioVersion = 10.0.40219.1
Project("{9A19103F-16F7-4668-BE54-9A1E7A4F7556}") = "CSparse.Interop", "CSparse.Interop\CSparse.Interop.csproj", "{5235AD90-5E2C-4467-B497-875A79F57F4E}"
EndProject
Project("{9A19103F-16F7-4668-BE54-9A1E7A4F7556}") = "CSparse.Benchmark", "CSparse.Benchmark\CSparse.Benchmark.csproj", "{8E04219C-BCCE-4649-A795-910640B7D90A}"
EndProject
Project("{2150E333-8FDC-42A3-9474-1A3956D46DE8}") = "Solution Items", "Solution Items", "{9FA3DB8C-4871-40C0-84E8-16AF52262291}"
	ProjectSection(SolutionItems) = preProject
		README.md = README.md
	EndProjectSection
EndProject
Global
	GlobalSection(SolutionConfigurationPlatforms) = preSolution
		Debug|Any CPU = Debug|Any CPU
		Debug|x64 = Debug|x64
		Release|Any CPU = Release|Any CPU
		Release|x64 = Release|x64
	EndGlobalSection
	GlobalSection(ProjectConfigurationPlatforms) = postSolution
		{5235AD90-5E2C-4467-B497-875A79F57F4E}.Debug|Any CPU.ActiveCfg = Debug|Any CPU
		{5235AD90-5E2C-4467-B497-875A79F57F4E}.Debug|Any CPU.Build.0 = Debug|Any CPU
		{5235AD90-5E2C-4467-B497-875A79F57F4E}.Debug|x64.ActiveCfg = Debug|Any CPU
		{5235AD90-5E2C-4467-B497-875A79F57F4E}.Debug|x64.Build.0 = Debug|Any CPU
		{5235AD90-5E2C-4467-B497-875A79F57F4E}.Release|Any CPU.ActiveCfg = Release|Any CPU
		{5235AD90-5E2C-4467-B497-875A79F57F4E}.Release|Any CPU.Build.0 = Release|Any CPU
		{5235AD90-5E2C-4467-B497-875A79F57F4E}.Release|x64.ActiveCfg = Release|Any CPU
		{5235AD90-5E2C-4467-B497-875A79F57F4E}.Release|x64.Build.0 = Release|Any CPU
		{8E04219C-BCCE-4649-A795-910640B7D90A}.Debug|Any CPU.ActiveCfg = Debug|Any CPU
		{8E04219C-BCCE-4649-A795-910640B7D90A}.Debug|Any CPU.Build.0 = Debug|Any CPU
		{8E04219C-BCCE-4649-A795-910640B7D90A}.Debug|x64.ActiveCfg = Debug|Any CPU
		{8E04219C-BCCE-4649-A795-910640B7D90A}.Debug|x64.Build.0 = Debug|Any CPU
		{8E04219C-BCCE-4649-A795-910640B7D90A}.Release|Any CPU.ActiveCfg = Release|Any CPU
		{8E04219C-BCCE-4649-A795-910640B7D90A}.Release|Any CPU.Build.0 = Release|Any CPU
		{8E04219C-BCCE-4649-A795-910640B7D90A}.Release|x64.ActiveCfg = Release|Any CPU
		{8E04219C-BCCE-4649-A795-910640B7D90A}.Release|x64.Build.0 = Release|Any CPU
	EndGlobalSection
	GlobalSection(SolutionProperties) = preSolution
		HideSolutionNode = FALSE
	EndGlobalSection
	GlobalSection(ExtensibilityGlobals) = postSolution
		SolutionGuid = {CEB54D15-59AC-4569-BBA3-4034C2A673D7}
	EndGlobalSection
EndGlobal
