
Microsoft Visual Studio Solution File, Format Version 12.00
# Visual Studio 15
VisualStudioVersion = 15.0.27428.1
MinimumVisualStudioVersion = 10.0.40219.1
Project("{FAE04EC0-301F-11D3-BF4B-00C04F79EFBC}") = "CSparse.Interop", "CSparse.Interop\CSparse.Interop.csproj", "{5235AD90-5E2C-4467-B497-875A79F57F4E}"
EndProject
Project("{FAE04EC0-301F-11D3-BF4B-00C04F79EFBC}") = "CSparse.Benchmark", "CSparse.Benchmark\CSparse.Benchmark.csproj", "{8E04219C-BCCE-4649-A795-910640B7D90A}"
EndProject
Global
	GlobalSection(SolutionConfigurationPlatforms) = preSolution
		Debug|Any CPU = Debug|Any CPU
		Debug|x64 = Debug|x64
		Debug|x86 = Debug|x86
		Release|Any CPU = Release|Any CPU
		Release|x64 = Release|x64
		Release|x86 = Release|x86
	EndGlobalSection
	GlobalSection(ProjectConfigurationPlatforms) = postSolution
		{5235AD90-5E2C-4467-B497-875A79F57F4E}.Debug|Any CPU.ActiveCfg = Debug|Any CPU
		{5235AD90-5E2C-4467-B497-875A79F57F4E}.Debug|Any CPU.Build.0 = Debug|Any CPU
		{5235AD90-5E2C-4467-B497-875A79F57F4E}.Debug|x64.ActiveCfg = Debug|x64
		{5235AD90-5E2C-4467-B497-875A79F57F4E}.Debug|x64.Build.0 = Debug|x64
		{5235AD90-5E2C-4467-B497-875A79F57F4E}.Debug|x86.ActiveCfg = Debug|x86
		{5235AD90-5E2C-4467-B497-875A79F57F4E}.Debug|x86.Build.0 = Debug|x86
		{5235AD90-5E2C-4467-B497-875A79F57F4E}.Release|Any CPU.ActiveCfg = Release|Any CPU
		{5235AD90-5E2C-4467-B497-875A79F57F4E}.Release|Any CPU.Build.0 = Release|Any CPU
		{5235AD90-5E2C-4467-B497-875A79F57F4E}.Release|x64.ActiveCfg = Release|x64
		{5235AD90-5E2C-4467-B497-875A79F57F4E}.Release|x64.Build.0 = Release|x64
		{5235AD90-5E2C-4467-B497-875A79F57F4E}.Release|x86.ActiveCfg = Release|x86
		{5235AD90-5E2C-4467-B497-875A79F57F4E}.Release|x86.Build.0 = Release|x86
		{8E04219C-BCCE-4649-A795-910640B7D90A}.Debug|Any CPU.ActiveCfg = Debug|Any CPU
		{8E04219C-BCCE-4649-A795-910640B7D90A}.Debug|Any CPU.Build.0 = Debug|Any CPU
		{8E04219C-BCCE-4649-A795-910640B7D90A}.Debug|x64.ActiveCfg = Debug|x64
		{8E04219C-BCCE-4649-A795-910640B7D90A}.Debug|x64.Build.0 = Debug|x64
		{8E04219C-BCCE-4649-A795-910640B7D90A}.Debug|x86.ActiveCfg = Debug|x86
		{8E04219C-BCCE-4649-A795-910640B7D90A}.Debug|x86.Build.0 = Debug|x86
		{8E04219C-BCCE-4649-A795-910640B7D90A}.Release|Any CPU.ActiveCfg = Release|Any CPU
		{8E04219C-BCCE-4649-A795-910640B7D90A}.Release|Any CPU.Build.0 = Release|Any CPU
		{8E04219C-BCCE-4649-A795-910640B7D90A}.Release|x64.ActiveCfg = Release|x64
		{8E04219C-BCCE-4649-A795-910640B7D90A}.Release|x64.Build.0 = Release|x64
		{8E04219C-BCCE-4649-A795-910640B7D90A}.Release|x86.ActiveCfg = Release|x86
		{8E04219C-BCCE-4649-A795-910640B7D90A}.Release|x86.Build.0 = Release|x86
	EndGlobalSection
	GlobalSection(SolutionProperties) = preSolution
		HideSolutionNode = FALSE
	EndGlobalSection
	GlobalSection(ExtensibilityGlobals) = postSolution
		SolutionGuid = {CEB54D15-59AC-4569-BBA3-4034C2A673D7}
	EndGlobalSection
EndGlobal
